# This file is automatically @generated by Cargo.
# It is not intended for manual editing.
version = 4

[[package]]
name = "art"
version = "1.0.0"
source = "registry+https://github.com/rust-lang/crates.io-index"
checksum = "41e7ba0ded1ee3730fe4445fbdf4754756b2edd86617f19507c89d3b71383277"

[[package]]
name = "pub_use_example"
version = "0.1.0"
dependencies = [
 "art",
]
